{
  "name": "@hexlet/code",
  "version": "1.0.0",
  "lockfileVersion": 2,
  "requires": true,
  "packages": {
    "": {
      "name": "@hexlet/code",
      "version": "1.0.0",
      "license": "MIT",
      "dependencies": {
        "readline-sync": "github:anseki/readline-sync"
      },
      "bin": {
        "brain-games": "bin/brain-games.js"
      }
    },
    "node_modules/readline-sync": {
      "version": "1.4.10",
      "resolved": "git+ssh://git@github.com/anseki/readline-sync.git#ab0806ee61d6dcf742b968a3e3e59d6a81c97cb0",
      "license": "MIT",
      "engines": {
        "node": ">= 0.8.0"
      }
    }
  },
  "dependencies": {
    "readline-sync": {
      "version": "git+ssh://git@github.com/anseki/readline-sync.git#ab0806ee61d6dcf742b968a3e3e59d6a81c97cb0",
      "from": "readline-sync@github:anseki/readline-sync"
    }
  }
}
